// !$*UTF8*$!
{
	archiveVersion = 1;
	classes = {
	};
	objectVersion = 46;
	objects = {

/* Begin PBXBuildFile section */
		48899955185CE2B000F3D6ED /* QNode.m in Sources */ = {isa = PBXBuildFile; fileRef = 4889994D185CE2B000F3D6ED /* QNode.m */; };
		48899956185CE2B000F3D6ED /* QTree.m in Sources */ = {isa = PBXBuildFile; fileRef = 48899950185CE2B000F3D6ED /* QTree.m */; };
		48899957185CE2B000F3D6ED /* QTreeGeometryUtils.m in Sources */ = {isa = PBXBuildFile; fileRef = 48899952185CE2B000F3D6ED /* QTreeGeometryUtils.m */; };
		4889995A185D175000F3D6ED /* QCluster.m in Sources */ = {isa = PBXBuildFile; fileRef = 48899959185D175000F3D6ED /* QCluster.m */; };
		48C419A81873069D00AFA345 /* USA-HotelMotel.csv in Resources */ = {isa = PBXBuildFile; fileRef = 48C419A71873069D00AFA345 /* USA-HotelMotel.csv */; };
		48C419AA187306D900AFA345 /* Berlin-Data.json in Resources */ = {isa = PBXBuildFile; fileRef = 48C419A9187306D900AFA345 /* Berlin-Data.json */; };
		48D7B0C8185A679F0071636B /* KPAnnotationTree.m in Sources */ = {isa = PBXBuildFile; fileRef = 48D7B0C0185A679F0071636B /* KPAnnotationTree.m */; };
		48D7B0CA185A679F0071636B /* KPTreeNode.m in Sources */ = {isa = PBXBuildFile; fileRef = 48D7B0C4185A679F0071636B /* KPTreeNode.m */; };
		48D7B0CF185BA3750071636B /* TBQuadTree.m in Sources */ = {isa = PBXBuildFile; fileRef = 48D7B0CE185BA3750071636B /* TBQuadTree.m */; };
		6217D6EF18BDD97400CDB8C3 /* CCHCenterOfMassMapClustererTests.m in Sources */ = {isa = PBXBuildFile; fileRef = 6217D6E518BDD97400CDB8C3 /* CCHCenterOfMassMapClustererTests.m */; };
		6217D6F018BDD97400CDB8C3 /* CCHFadeInOutMapAnimatorTests.m in Sources */ = {isa = PBXBuildFile; fileRef = 6217D6E618BDD97400CDB8C3 /* CCHFadeInOutMapAnimatorTests.m */; };
		6217D6F118BDD97400CDB8C3 /* CCHMapClusterAnnotationTests.m in Sources */ = {isa = PBXBuildFile; fileRef = 6217D6E718BDD97400CDB8C3 /* CCHMapClusterAnnotationTests.m */; };
		6217D6F218BDD97400CDB8C3 /* CCHMapClusterControllerPerformanceTests.m in Sources */ = {isa = PBXBuildFile; fileRef = 6217D6E818BDD97400CDB8C3 /* CCHMapClusterControllerPerformanceTests.m */; };
		6217D6F318BDD97400CDB8C3 /* CCHMapClusterControllerTests.m in Sources */ = {isa = PBXBuildFile; fileRef = 6217D6E918BDD97400CDB8C3 /* CCHMapClusterControllerTests.m */; };
		6217D6F418BDD97400CDB8C3 /* CCHMapClusterControllerUtilsTests.m in Sources */ = {isa = PBXBuildFile; fileRef = 6217D6EA18BDD97400CDB8C3 /* CCHMapClusterControllerUtilsTests.m */; };
		6217D6F518BDD97400CDB8C3 /* CCHMapTreeTests.m in Sources */ = {isa = PBXBuildFile; fileRef = 6217D6EB18BDD97400CDB8C3 /* CCHMapTreeTests.m */; };
		6217D6F618BDD97400CDB8C3 /* CCHMapViewDelegateProxyTests.m in Sources */ = {isa = PBXBuildFile; fileRef = 6217D6EC18BDD97400CDB8C3 /* CCHMapViewDelegateProxyTests.m */; };
		6217D6F718BDD97400CDB8C3 /* CCHMapViewDelegateProxyOverlayTests.m in Sources */ = {isa = PBXBuildFile; fileRef = 6217D6ED18BDD97400CDB8C3 /* CCHMapViewDelegateProxyOverlayTests.m */; };
		6217D6F818BDD97400CDB8C3 /* CCHNearCenterMapClustererTests.m in Sources */ = {isa = PBXBuildFile; fileRef = 6217D6EE18BDD97400CDB8C3 /* CCHNearCenterMapClustererTests.m */; };
		621834EA18A576C5000210AF /* SettingsViewController.m in Sources */ = {isa = PBXBuildFile; fileRef = 621834E918A576C5000210AF /* SettingsViewController.m */; };
		621834ED18A6AD25000210AF /* Settings.m in Sources */ = {isa = PBXBuildFile; fileRef = 621834EC18A6AD25000210AF /* Settings.m */; };
		6284D0191C288C3F00EFCA2E /* Launch Screen.storyboard in Resources */ = {isa = PBXBuildFile; fileRef = 6284D0181C288C3F00EFCA2E /* Launch Screen.storyboard */; };
		62D667831845E0F20046D5D5 /* Foundation.framework in Frameworks */ = {isa = PBXBuildFile; fileRef = 62D667821845E0F20046D5D5 /* Foundation.framework */; };
		62D667851845E0F20046D5D5 /* CoreGraphics.framework in Frameworks */ = {isa = PBXBuildFile; fileRef = 62D667841845E0F20046D5D5 /* CoreGraphics.framework */; };
		62D667871845E0F20046D5D5 /* UIKit.framework in Frameworks */ = {isa = PBXBuildFile; fileRef = 62D667861845E0F20046D5D5 /* UIKit.framework */; };
		62D6678D1845E0F20046D5D5 /* InfoPlist.strings in Resources */ = {isa = PBXBuildFile; fileRef = 62D6678B1845E0F20046D5D5 /* InfoPlist.strings */; };
		62D6678F1845E0F20046D5D5 /* main.m in Sources */ = {isa = PBXBuildFile; fileRef = 62D6678E1845E0F20046D5D5 /* main.m */; };
		62D667931845E0F20046D5D5 /* AppDelegate.m in Sources */ = {isa = PBXBuildFile; fileRef = 62D667921845E0F20046D5D5 /* AppDelegate.m */; };
		62D667961845E0F20046D5D5 /* Main.storyboard in Resources */ = {isa = PBXBuildFile; fileRef = 62D667941845E0F20046D5D5 /* Main.storyboard */; };
		62D667991845E0F20046D5D5 /* MapViewController.m in Sources */ = {isa = PBXBuildFile; fileRef = 62D667981845E0F20046D5D5 /* MapViewController.m */; };
		62D6679B1845E0F20046D5D5 /* Images.xcassets in Resources */ = {isa = PBXBuildFile; fileRef = 62D6679A1845E0F20046D5D5 /* Images.xcassets */; };
		62D667A21845E0F20046D5D5 /* XCTest.framework in Frameworks */ = {isa = PBXBuildFile; fileRef = 62D667A11845E0F20046D5D5 /* XCTest.framework */; };
		62D667A31845E0F20046D5D5 /* Foundation.framework in Frameworks */ = {isa = PBXBuildFile; fileRef = 62D667821845E0F20046D5D5 /* Foundation.framework */; };
		62D667A41845E0F20046D5D5 /* UIKit.framework in Frameworks */ = {isa = PBXBuildFile; fileRef = 62D667861845E0F20046D5D5 /* UIKit.framework */; };
		62D667AC1845E0F20046D5D5 /* InfoPlist.strings in Resources */ = {isa = PBXBuildFile; fileRef = 62D667AA1845E0F20046D5D5 /* InfoPlist.strings */; };
		62D667B81845F6D70046D5D5 /* MapKit.framework in Frameworks */ = {isa = PBXBuildFile; fileRef = 62D667B71845F6D70046D5D5 /* MapKit.framework */; };
		62D667C11845F76F0046D5D5 /* DataReader.m in Sources */ = {isa = PBXBuildFile; fileRef = 62D667BD1845F76F0046D5D5 /* DataReader.m */; };
		62D71E11187EB45500E52EE3 /* ClusterAnnotationView.m in Sources */ = {isa = PBXBuildFile; fileRef = 62D71E10187EB45500E52EE3 /* ClusterAnnotationView.m */; };
		6EF7AB17A86F273978AEE4B1 /* libPods-CCHMapClusterController Example iOS.a in Frameworks */ = {isa = PBXBuildFile; fileRef = 116C09C5CC42239508D75D51 /* libPods-CCHMapClusterController Example iOS.a */; };
		CC99D2E3F0D2BF0C9F5D5C9F /* libPods-CCHMapClusterController Example iOSTests.a in Frameworks */ = {isa = PBXBuildFile; fileRef = FF3B78F2244ADD79DB38C98C /* libPods-CCHMapClusterController Example iOSTests.a */; };
		CEACE0EA1D4FC73B00215DC8 /* YCCHCenterOfMassMapClusterer.m in Sources */ = {isa = PBXBuildFile; fileRef = CEACE0D01D4FC73B00215DC8 /* YCCHCenterOfMassMapClusterer.m */; };
		CEACE0EB1D4FC73B00215DC8 /* YCCHFadeInOutMapAnimator.m in Sources */ = {isa = PBXBuildFile; fileRef = CEACE0D21D4FC73B00215DC8 /* YCCHFadeInOutMapAnimator.m */; };
		CEACE0EC1D4FC73B00215DC8 /* YCCHMapClusterAnnotation.m in Sources */ = {isa = PBXBuildFile; fileRef = CEACE0D51D4FC73B00215DC8 /* YCCHMapClusterAnnotation.m */; };
		CEACE0ED1D4FC73B00215DC8 /* YCCHMapClusterController.m in Sources */ = {isa = PBXBuildFile; fileRef = CEACE0D71D4FC73B00215DC8 /* YCCHMapClusterController.m */; };
		CEACE0EE1D4FC73B00215DC8 /* YCCHMapClusterControllerDebugPolygon.m in Sources */ = {isa = PBXBuildFile; fileRef = CEACE0D91D4FC73B00215DC8 /* YCCHMapClusterControllerDebugPolygon.m */; };
		CEACE0EF1D4FC73B00215DC8 /* YCCHMapClusterControllerUtils.m in Sources */ = {isa = PBXBuildFile; fileRef = CEACE0DC1D4FC73B00215DC8 /* YCCHMapClusterControllerUtils.m */; };
		CEACE0F01D4FC73B00215DC8 /* YCCHMapClusterOperation.m in Sources */ = {isa = PBXBuildFile; fileRef = CEACE0DF1D4FC73B00215DC8 /* YCCHMapClusterOperation.m */; };
		CEACE0F11D4FC73B00215DC8 /* YCCHMapTree.m in Sources */ = {isa = PBXBuildFile; fileRef = CEACE0E11D4FC73B00215DC8 /* YCCHMapTree.m */; };
		CEACE0F21D4FC73B00215DC8 /* YCCHMapTreeUtils.m in Sources */ = {isa = PBXBuildFile; fileRef = CEACE0E31D4FC73B00215DC8 /* YCCHMapTreeUtils.m */; };
		CEACE0F31D4FC73B00215DC8 /* YCCHMapViewDelegateProxy.m in Sources */ = {isa = PBXBuildFile; fileRef = CEACE0E51D4FC73B00215DC8 /* YCCHMapViewDelegateProxy.m */; };
		CEACE0F41D4FC73B00215DC8 /* YCCHNearCenterMapClusterer.m in Sources */ = {isa = PBXBuildFile; fileRef = CEACE0E71D4FC73B00215DC8 /* YCCHNearCenterMapClusterer.m */; };
		CEACE0F51D4FC73B00215DC8 /* YMKMapView+Additions.m in Sources */ = {isa = PBXBuildFile; fileRef = CEACE0E91D4FC73B00215DC8 /* YMKMapView+Additions.m */; };
/* End PBXBuildFile section */

/* Begin PBXContainerItemProxy section */
		62D667A51845E0F20046D5D5 /* PBXContainerItemProxy */ = {
			isa = PBXContainerItemProxy;
			containerPortal = 62D667771845E0F20046D5D5 /* Project object */;
			proxyType = 1;
			remoteGlobalIDString = 62D6677E1845E0F20046D5D5;
			remoteInfo = "CCHMapClusterController Example iOS";
		};
/* End PBXContainerItemProxy section */

/* Begin PBXFileReference section */
		116C09C5CC42239508D75D51 /* libPods-CCHMapClusterController Example iOS.a */ = {isa = PBXFileReference; explicitFileType = archive.ar; includeInIndex = 0; path = "libPods-CCHMapClusterController Example iOS.a"; sourceTree = BUILT_PRODUCTS_DIR; };
		4889994C185CE2B000F3D6ED /* QNode.h */ = {isa = PBXFileReference; fileEncoding = 4; lastKnownFileType = sourcecode.c.h; path = QNode.h; sourceTree = "<group>"; };
		4889994D185CE2B000F3D6ED /* QNode.m */ = {isa = PBXFileReference; fileEncoding = 4; lastKnownFileType = sourcecode.c.objc; path = QNode.m; sourceTree = "<group>"; };
		4889994F185CE2B000F3D6ED /* QTree.h */ = {isa = PBXFileReference; fileEncoding = 4; lastKnownFileType = sourcecode.c.h; path = QTree.h; sourceTree = "<group>"; };
		48899950185CE2B000F3D6ED /* QTree.m */ = {isa = PBXFileReference; fileEncoding = 4; lastKnownFileType = sourcecode.c.objc; path = QTree.m; sourceTree = "<group>"; };
		48899951185CE2B000F3D6ED /* QTreeGeometryUtils.h */ = {isa = PBXFileReference; fileEncoding = 4; lastKnownFileType = sourcecode.c.h; path = QTreeGeometryUtils.h; sourceTree = "<group>"; };
		48899952185CE2B000F3D6ED /* QTreeGeometryUtils.m */ = {isa = PBXFileReference; fileEncoding = 4; lastKnownFileType = sourcecode.c.objc; path = QTreeGeometryUtils.m; sourceTree = "<group>"; };
		48899953185CE2B000F3D6ED /* QTreeInsertable.h */ = {isa = PBXFileReference; fileEncoding = 4; lastKnownFileType = sourcecode.c.h; path = QTreeInsertable.h; sourceTree = "<group>"; };
		48899958185D175000F3D6ED /* QCluster.h */ = {isa = PBXFileReference; fileEncoding = 4; lastKnownFileType = sourcecode.c.h; path = QCluster.h; sourceTree = "<group>"; };
		48899959185D175000F3D6ED /* QCluster.m */ = {isa = PBXFileReference; fileEncoding = 4; lastKnownFileType = sourcecode.c.objc; path = QCluster.m; sourceTree = "<group>"; };
		48C419A71873069D00AFA345 /* USA-HotelMotel.csv */ = {isa = PBXFileReference; fileEncoding = 4; lastKnownFileType = text; name = "USA-HotelMotel.csv"; path = "../../USA-HotelMotel.csv"; sourceTree = "<group>"; };
		48C419A9187306D900AFA345 /* Berlin-Data.json */ = {isa = PBXFileReference; fileEncoding = 4; lastKnownFileType = text.json; name = "Berlin-Data.json"; path = "../../Berlin-Data.json"; sourceTree = "<group>"; };
		48D7B0BF185A679F0071636B /* KPAnnotationTree.h */ = {isa = PBXFileReference; fileEncoding = 4; lastKnownFileType = sourcecode.c.h; path = KPAnnotationTree.h; sourceTree = "<group>"; };
		48D7B0C0185A679F0071636B /* KPAnnotationTree.m */ = {isa = PBXFileReference; fileEncoding = 4; lastKnownFileType = sourcecode.c.objc; path = KPAnnotationTree.m; sourceTree = "<group>"; };
		48D7B0C3185A679F0071636B /* KPTreeNode.h */ = {isa = PBXFileReference; fileEncoding = 4; lastKnownFileType = sourcecode.c.h; path = KPTreeNode.h; sourceTree = "<group>"; };
		48D7B0C4185A679F0071636B /* KPTreeNode.m */ = {isa = PBXFileReference; fileEncoding = 4; lastKnownFileType = sourcecode.c.objc; path = KPTreeNode.m; sourceTree = "<group>"; };
		48D7B0CD185BA3750071636B /* TBQuadTree.h */ = {isa = PBXFileReference; fileEncoding = 4; lastKnownFileType = sourcecode.c.h; path = TBQuadTree.h; sourceTree = "<group>"; };
		48D7B0CE185BA3750071636B /* TBQuadTree.m */ = {isa = PBXFileReference; fileEncoding = 4; lastKnownFileType = sourcecode.c.objc; path = TBQuadTree.m; sourceTree = "<group>"; };
		5C64AC7D9159A9B8FB112E16 /* Pods-CCHMapClusterController Example iOSTests.debug.xcconfig */ = {isa = PBXFileReference; includeInIndex = 1; lastKnownFileType = text.xcconfig; name = "Pods-CCHMapClusterController Example iOSTests.debug.xcconfig"; path = "../Pods/Target Support Files/Pods-CCHMapClusterController Example iOSTests/Pods-CCHMapClusterController Example iOSTests.debug.xcconfig"; sourceTree = "<group>"; };
		6217D6E518BDD97400CDB8C3 /* CCHCenterOfMassMapClustererTests.m */ = {isa = PBXFileReference; fileEncoding = 4; lastKnownFileType = sourcecode.c.objc; name = CCHCenterOfMassMapClustererTests.m; path = "../../CCHMapClusterController Tests/CCHCenterOfMassMapClustererTests.m"; sourceTree = "<group>"; };
		6217D6E618BDD97400CDB8C3 /* CCHFadeInOutMapAnimatorTests.m */ = {isa = PBXFileReference; fileEncoding = 4; lastKnownFileType = sourcecode.c.objc; name = CCHFadeInOutMapAnimatorTests.m; path = "../../CCHMapClusterController Tests/CCHFadeInOutMapAnimatorTests.m"; sourceTree = "<group>"; };
		6217D6E718BDD97400CDB8C3 /* CCHMapClusterAnnotationTests.m */ = {isa = PBXFileReference; fileEncoding = 4; lastKnownFileType = sourcecode.c.objc; name = CCHMapClusterAnnotationTests.m; path = "../../CCHMapClusterController Tests/CCHMapClusterAnnotationTests.m"; sourceTree = "<group>"; };
		6217D6E818BDD97400CDB8C3 /* CCHMapClusterControllerPerformanceTests.m */ = {isa = PBXFileReference; fileEncoding = 4; lastKnownFileType = sourcecode.c.objc; name = CCHMapClusterControllerPerformanceTests.m; path = "../../CCHMapClusterController Tests/CCHMapClusterControllerPerformanceTests.m"; sourceTree = "<group>"; };
		6217D6E918BDD97400CDB8C3 /* CCHMapClusterControllerTests.m */ = {isa = PBXFileReference; fileEncoding = 4; lastKnownFileType = sourcecode.c.objc; name = CCHMapClusterControllerTests.m; path = "../../CCHMapClusterController Tests/CCHMapClusterControllerTests.m"; sourceTree = "<group>"; };
		6217D6EA18BDD97400CDB8C3 /* CCHMapClusterControllerUtilsTests.m */ = {isa = PBXFileReference; fileEncoding = 4; lastKnownFileType = sourcecode.c.objc; name = CCHMapClusterControllerUtilsTests.m; path = "../../CCHMapClusterController Tests/CCHMapClusterControllerUtilsTests.m"; sourceTree = "<group>"; };
		6217D6EB18BDD97400CDB8C3 /* CCHMapTreeTests.m */ = {isa = PBXFileReference; fileEncoding = 4; lastKnownFileType = sourcecode.c.objc; name = CCHMapTreeTests.m; path = "../../CCHMapClusterController Tests/CCHMapTreeTests.m"; sourceTree = "<group>"; };
		6217D6EC18BDD97400CDB8C3 /* CCHMapViewDelegateProxyTests.m */ = {isa = PBXFileReference; fileEncoding = 4; lastKnownFileType = sourcecode.c.objc; name = CCHMapViewDelegateProxyTests.m; path = "../../CCHMapClusterController Tests/CCHMapViewDelegateProxyTests.m"; sourceTree = "<group>"; };
		6217D6ED18BDD97400CDB8C3 /* CCHMapViewDelegateProxyOverlayTests.m */ = {isa = PBXFileReference; fileEncoding = 4; lastKnownFileType = sourcecode.c.objc; name = CCHMapViewDelegateProxyOverlayTests.m; path = "../../CCHMapClusterController Tests/CCHMapViewDelegateProxyOverlayTests.m"; sourceTree = "<group>"; };
		6217D6EE18BDD97400CDB8C3 /* CCHNearCenterMapClustererTests.m */ = {isa = PBXFileReference; fileEncoding = 4; lastKnownFileType = sourcecode.c.objc; name = CCHNearCenterMapClustererTests.m; path = "../../CCHMapClusterController Tests/CCHNearCenterMapClustererTests.m"; sourceTree = "<group>"; };
		621834E818A576C5000210AF /* SettingsViewController.h */ = {isa = PBXFileReference; fileEncoding = 4; lastKnownFileType = sourcecode.c.h; path = SettingsViewController.h; sourceTree = "<group>"; };
		621834E918A576C5000210AF /* SettingsViewController.m */ = {isa = PBXFileReference; fileEncoding = 4; lastKnownFileType = sourcecode.c.objc; path = SettingsViewController.m; sourceTree = "<group>"; };
		621834EB18A6AD25000210AF /* Settings.h */ = {isa = PBXFileReference; fileEncoding = 4; lastKnownFileType = sourcecode.c.h; path = Settings.h; sourceTree = "<group>"; };
		621834EC18A6AD25000210AF /* Settings.m */ = {isa = PBXFileReference; fileEncoding = 4; lastKnownFileType = sourcecode.c.objc; path = Settings.m; sourceTree = "<group>"; };
		6284D0181C288C3F00EFCA2E /* Launch Screen.storyboard */ = {isa = PBXFileReference; fileEncoding = 4; lastKnownFileType = file.storyboard; path = "Launch Screen.storyboard"; sourceTree = "<group>"; };
		62D6677F1845E0F20046D5D5 /* CCHMapClusterController Example iOS.app */ = {isa = PBXFileReference; explicitFileType = wrapper.application; includeInIndex = 0; path = "CCHMapClusterController Example iOS.app"; sourceTree = BUILT_PRODUCTS_DIR; };
		62D667821845E0F20046D5D5 /* Foundation.framework */ = {isa = PBXFileReference; lastKnownFileType = wrapper.framework; name = Foundation.framework; path = System/Library/Frameworks/Foundation.framework; sourceTree = SDKROOT; };
		62D667841845E0F20046D5D5 /* CoreGraphics.framework */ = {isa = PBXFileReference; lastKnownFileType = wrapper.framework; name = CoreGraphics.framework; path = System/Library/Frameworks/CoreGraphics.framework; sourceTree = SDKROOT; };
		62D667861845E0F20046D5D5 /* UIKit.framework */ = {isa = PBXFileReference; lastKnownFileType = wrapper.framework; name = UIKit.framework; path = System/Library/Frameworks/UIKit.framework; sourceTree = SDKROOT; };
		62D6678A1845E0F20046D5D5 /* CCHMapClusterController Example iOS-Info.plist */ = {isa = PBXFileReference; lastKnownFileType = text.plist.xml; path = "CCHMapClusterController Example iOS-Info.plist"; sourceTree = "<group>"; };
		62D6678C1845E0F20046D5D5 /* en */ = {isa = PBXFileReference; lastKnownFileType = text.plist.strings; name = en; path = en.lproj/InfoPlist.strings; sourceTree = "<group>"; };
		62D6678E1845E0F20046D5D5 /* main.m */ = {isa = PBXFileReference; lastKnownFileType = sourcecode.c.objc; path = main.m; sourceTree = "<group>"; };
		62D667901845E0F20046D5D5 /* CCHMapClusterController Example iOS-Prefix.pch */ = {isa = PBXFileReference; lastKnownFileType = sourcecode.c.h; path = "CCHMapClusterController Example iOS-Prefix.pch"; sourceTree = "<group>"; };
		62D667911845E0F20046D5D5 /* AppDelegate.h */ = {isa = PBXFileReference; lastKnownFileType = sourcecode.c.h; path = AppDelegate.h; sourceTree = "<group>"; };
		62D667921845E0F20046D5D5 /* AppDelegate.m */ = {isa = PBXFileReference; lastKnownFileType = sourcecode.c.objc; path = AppDelegate.m; sourceTree = "<group>"; };
		62D667951845E0F20046D5D5 /* Base */ = {isa = PBXFileReference; lastKnownFileType = file.storyboard; name = Base; path = Base.lproj/Main.storyboard; sourceTree = "<group>"; };
		62D667971845E0F20046D5D5 /* MapViewController.h */ = {isa = PBXFileReference; lastKnownFileType = sourcecode.c.h; path = MapViewController.h; sourceTree = "<group>"; };
		62D667981845E0F20046D5D5 /* MapViewController.m */ = {isa = PBXFileReference; lastKnownFileType = sourcecode.c.objc; path = MapViewController.m; sourceTree = "<group>"; };
		62D6679A1845E0F20046D5D5 /* Images.xcassets */ = {isa = PBXFileReference; lastKnownFileType = folder.assetcatalog; path = Images.xcassets; sourceTree = "<group>"; };
		62D667A01845E0F20046D5D5 /* CCHMapClusterController Example iOSTests.xctest */ = {isa = PBXFileReference; explicitFileType = wrapper.cfbundle; includeInIndex = 0; path = "CCHMapClusterController Example iOSTests.xctest"; sourceTree = BUILT_PRODUCTS_DIR; };
		62D667A11845E0F20046D5D5 /* XCTest.framework */ = {isa = PBXFileReference; lastKnownFileType = wrapper.framework; name = XCTest.framework; path = Library/Frameworks/XCTest.framework; sourceTree = DEVELOPER_DIR; };
		62D667A91845E0F20046D5D5 /* CCHMapClusterController Example iOSTests-Info.plist */ = {isa = PBXFileReference; lastKnownFileType = text.plist.xml; path = "CCHMapClusterController Example iOSTests-Info.plist"; sourceTree = "<group>"; };
		62D667AB1845E0F20046D5D5 /* en */ = {isa = PBXFileReference; lastKnownFileType = text.plist.strings; name = en; path = en.lproj/InfoPlist.strings; sourceTree = "<group>"; };
		62D667B71845F6D70046D5D5 /* MapKit.framework */ = {isa = PBXFileReference; lastKnownFileType = wrapper.framework; name = MapKit.framework; path = System/Library/Frameworks/MapKit.framework; sourceTree = SDKROOT; };
		62D667BC1845F76F0046D5D5 /* DataReader.h */ = {isa = PBXFileReference; fileEncoding = 4; lastKnownFileType = sourcecode.c.h; path = DataReader.h; sourceTree = "<group>"; };
		62D667BD1845F76F0046D5D5 /* DataReader.m */ = {isa = PBXFileReference; fileEncoding = 4; lastKnownFileType = sourcecode.c.objc; path = DataReader.m; sourceTree = "<group>"; };
		62D667BE1845F76F0046D5D5 /* DataReaderDelegate.h */ = {isa = PBXFileReference; fileEncoding = 4; lastKnownFileType = sourcecode.c.h; path = DataReaderDelegate.h; sourceTree = "<group>"; };
		62D71E0F187EB45500E52EE3 /* ClusterAnnotationView.h */ = {isa = PBXFileReference; fileEncoding = 4; lastKnownFileType = sourcecode.c.h; path = ClusterAnnotationView.h; sourceTree = "<group>"; };
		62D71E10187EB45500E52EE3 /* ClusterAnnotationView.m */ = {isa = PBXFileReference; fileEncoding = 4; lastKnownFileType = sourcecode.c.objc; path = ClusterAnnotationView.m; sourceTree = "<group>"; };
		8A656B93464E103AEF0E1F5E /* Pods-CCHMapClusterController Example iOS.release.xcconfig */ = {isa = PBXFileReference; includeInIndex = 1; lastKnownFileType = text.xcconfig; name = "Pods-CCHMapClusterController Example iOS.release.xcconfig"; path = "../Pods/Target Support Files/Pods-CCHMapClusterController Example iOS/Pods-CCHMapClusterController Example iOS.release.xcconfig"; sourceTree = "<group>"; };
		CC360B5BBAA07C812A803439 /* Pods-CCHMapClusterController Example iOS.debug.xcconfig */ = {isa = PBXFileReference; includeInIndex = 1; lastKnownFileType = text.xcconfig; name = "Pods-CCHMapClusterController Example iOS.debug.xcconfig"; path = "../Pods/Target Support Files/Pods-CCHMapClusterController Example iOS/Pods-CCHMapClusterController Example iOS.debug.xcconfig"; sourceTree = "<group>"; };
		CEACE0CF1D4FC73B00215DC8 /* YCCHCenterOfMassMapClusterer.h */ = {isa = PBXFileReference; fileEncoding = 4; lastKnownFileType = sourcecode.c.h; path = YCCHCenterOfMassMapClusterer.h; sourceTree = "<group>"; };
		CEACE0D01D4FC73B00215DC8 /* YCCHCenterOfMassMapClusterer.m */ = {isa = PBXFileReference; fileEncoding = 4; lastKnownFileType = sourcecode.c.objc; path = YCCHCenterOfMassMapClusterer.m; sourceTree = "<group>"; };
		CEACE0D11D4FC73B00215DC8 /* YCCHFadeInOutMapAnimator.h */ = {isa = PBXFileReference; fileEncoding = 4; lastKnownFileType = sourcecode.c.h; path = YCCHFadeInOutMapAnimator.h; sourceTree = "<group>"; };
		CEACE0D21D4FC73B00215DC8 /* YCCHFadeInOutMapAnimator.m */ = {isa = PBXFileReference; fileEncoding = 4; lastKnownFileType = sourcecode.c.objc; path = YCCHFadeInOutMapAnimator.m; sourceTree = "<group>"; };
		CEACE0D31D4FC73B00215DC8 /* YCCHMapAnimator.h */ = {isa = PBXFileReference; fileEncoding = 4; lastKnownFileType = sourcecode.c.h; path = YCCHMapAnimator.h; sourceTree = "<group>"; };
		CEACE0D41D4FC73B00215DC8 /* YCCHMapClusterAnnotation.h */ = {isa = PBXFileReference; fileEncoding = 4; lastKnownFileType = sourcecode.c.h; path = YCCHMapClusterAnnotation.h; sourceTree = "<group>"; };
		CEACE0D51D4FC73B00215DC8 /* YCCHMapClusterAnnotation.m */ = {isa = PBXFileReference; fileEncoding = 4; lastKnownFileType = sourcecode.c.objc; path = YCCHMapClusterAnnotation.m; sourceTree = "<group>"; };
		CEACE0D61D4FC73B00215DC8 /* YCCHMapClusterController.h */ = {isa = PBXFileReference; fileEncoding = 4; lastKnownFileType = sourcecode.c.h; path = YCCHMapClusterController.h; sourceTree = "<group>"; };
		CEACE0D71D4FC73B00215DC8 /* YCCHMapClusterController.m */ = {isa = PBXFileReference; fileEncoding = 4; lastKnownFileType = sourcecode.c.objc; path = YCCHMapClusterController.m; sourceTree = "<group>"; };
		CEACE0D81D4FC73B00215DC8 /* YCCHMapClusterControllerDebugPolygon.h */ = {isa = PBXFileReference; fileEncoding = 4; lastKnownFileType = sourcecode.c.h; path = YCCHMapClusterControllerDebugPolygon.h; sourceTree = "<group>"; };
		CEACE0D91D4FC73B00215DC8 /* YCCHMapClusterControllerDebugPolygon.m */ = {isa = PBXFileReference; fileEncoding = 4; lastKnownFileType = sourcecode.c.objc; path = YCCHMapClusterControllerDebugPolygon.m; sourceTree = "<group>"; };
		CEACE0DA1D4FC73B00215DC8 /* YCCHMapClusterControllerDelegate.h */ = {isa = PBXFileReference; fileEncoding = 4; lastKnownFileType = sourcecode.c.h; path = YCCHMapClusterControllerDelegate.h; sourceTree = "<group>"; };
		CEACE0DB1D4FC73B00215DC8 /* YCCHMapClusterControllerUtils.h */ = {isa = PBXFileReference; fileEncoding = 4; lastKnownFileType = sourcecode.c.h; path = YCCHMapClusterControllerUtils.h; sourceTree = "<group>"; };
		CEACE0DC1D4FC73B00215DC8 /* YCCHMapClusterControllerUtils.m */ = {isa = PBXFileReference; fileEncoding = 4; lastKnownFileType = sourcecode.c.objc; path = YCCHMapClusterControllerUtils.m; sourceTree = "<group>"; };
		CEACE0DD1D4FC73B00215DC8 /* YCCHMapClusterer.h */ = {isa = PBXFileReference; fileEncoding = 4; lastKnownFileType = sourcecode.c.h; path = YCCHMapClusterer.h; sourceTree = "<group>"; };
		CEACE0DE1D4FC73B00215DC8 /* YCCHMapClusterOperation.h */ = {isa = PBXFileReference; fileEncoding = 4; lastKnownFileType = sourcecode.c.h; path = YCCHMapClusterOperation.h; sourceTree = "<group>"; };
		CEACE0DF1D4FC73B00215DC8 /* YCCHMapClusterOperation.m */ = {isa = PBXFileReference; fileEncoding = 4; lastKnownFileType = sourcecode.c.objc; path = YCCHMapClusterOperation.m; sourceTree = "<group>"; };
		CEACE0E01D4FC73B00215DC8 /* YCCHMapTree.h */ = {isa = PBXFileReference; fileEncoding = 4; lastKnownFileType = sourcecode.c.h; path = YCCHMapTree.h; sourceTree = "<group>"; };
		CEACE0E11D4FC73B00215DC8 /* YCCHMapTree.m */ = {isa = PBXFileReference; fileEncoding = 4; lastKnownFileType = sourcecode.c.objc; path = YCCHMapTree.m; sourceTree = "<group>"; };
		CEACE0E21D4FC73B00215DC8 /* YCCHMapTreeUtils.h */ = {isa = PBXFileReference; fileEncoding = 4; lastKnownFileType = sourcecode.c.h; path = YCCHMapTreeUtils.h; sourceTree = "<group>"; };
		CEACE0E31D4FC73B00215DC8 /* YCCHMapTreeUtils.m */ = {isa = PBXFileReference; fileEncoding = 4; lastKnownFileType = sourcecode.c.objc; path = YCCHMapTreeUtils.m; sourceTree = "<group>"; };
		CEACE0E41D4FC73B00215DC8 /* YCCHMapViewDelegateProxy.h */ = {isa = PBXFileReference; fileEncoding = 4; lastKnownFileType = sourcecode.c.h; path = YCCHMapViewDelegateProxy.h; sourceTree = "<group>"; };
		CEACE0E51D4FC73B00215DC8 /* YCCHMapViewDelegateProxy.m */ = {isa = PBXFileReference; fileEncoding = 4; lastKnownFileType = sourcecode.c.objc; path = YCCHMapViewDelegateProxy.m; sourceTree = "<group>"; };
		CEACE0E61D4FC73B00215DC8 /* YCCHNearCenterMapClusterer.h */ = {isa = PBXFileReference; fileEncoding = 4; lastKnownFileType = sourcecode.c.h; path = YCCHNearCenterMapClusterer.h; sourceTree = "<group>"; };
		CEACE0E71D4FC73B00215DC8 /* YCCHNearCenterMapClusterer.m */ = {isa = PBXFileReference; fileEncoding = 4; lastKnownFileType = sourcecode.c.objc; path = YCCHNearCenterMapClusterer.m; sourceTree = "<group>"; };
		CEACE0E81D4FC73B00215DC8 /* YMKMapView+Additions.h */ = {isa = PBXFileReference; fileEncoding = 4; lastKnownFileType = sourcecode.c.h; path = "YMKMapView+Additions.h"; sourceTree = "<group>"; };
		CEACE0E91D4FC73B00215DC8 /* YMKMapView+Additions.m */ = {isa = PBXFileReference; fileEncoding = 4; lastKnownFileType = sourcecode.c.objc; path = "YMKMapView+Additions.m"; sourceTree = "<group>"; };
		ED9E5223570345B32DA887AB /* Pods-CCHMapClusterController Example iOSTests.release.xcconfig */ = {isa = PBXFileReference; includeInIndex = 1; lastKnownFileType = text.xcconfig; name = "Pods-CCHMapClusterController Example iOSTests.release.xcconfig"; path = "../Pods/Target Support Files/Pods-CCHMapClusterController Example iOSTests/Pods-CCHMapClusterController Example iOSTests.release.xcconfig"; sourceTree = "<group>"; };
		FF3B78F2244ADD79DB38C98C /* libPods-CCHMapClusterController Example iOSTests.a */ = {isa = PBXFileReference; explicitFileType = archive.ar; includeInIndex = 0; path = "libPods-CCHMapClusterController Example iOSTests.a"; sourceTree = BUILT_PRODUCTS_DIR; };
/* End PBXFileReference section */

/* Begin PBXFrameworksBuildPhase section */
		62D6677C1845E0F20046D5D5 /* Frameworks */ = {
			isa = PBXFrameworksBuildPhase;
			buildActionMask = 2147483647;
			files = (
				62D667B81845F6D70046D5D5 /* MapKit.framework in Frameworks */,
				62D667851845E0F20046D5D5 /* CoreGraphics.framework in Frameworks */,
				62D667871845E0F20046D5D5 /* UIKit.framework in Frameworks */,
				62D667831845E0F20046D5D5 /* Foundation.framework in Frameworks */,
				6EF7AB17A86F273978AEE4B1 /* libPods-CCHMapClusterController Example iOS.a in Frameworks */,
			);
			runOnlyForDeploymentPostprocessing = 0;
		};
		62D6679D1845E0F20046D5D5 /* Frameworks */ = {
			isa = PBXFrameworksBuildPhase;
			buildActionMask = 2147483647;
			files = (
				62D667A21845E0F20046D5D5 /* XCTest.framework in Frameworks */,
				62D667A41845E0F20046D5D5 /* UIKit.framework in Frameworks */,
				62D667A31845E0F20046D5D5 /* Foundation.framework in Frameworks */,
				CC99D2E3F0D2BF0C9F5D5C9F /* libPods-CCHMapClusterController Example iOSTests.a in Frameworks */,
			);
			runOnlyForDeploymentPostprocessing = 0;
		};
/* End PBXFrameworksBuildPhase section */

/* Begin PBXGroup section */
		48899949185CE2B000F3D6ED /* QTree */ = {
			isa = PBXGroup;
			children = (
				48899958185D175000F3D6ED /* QCluster.h */,
				48899959185D175000F3D6ED /* QCluster.m */,
				4889994C185CE2B000F3D6ED /* QNode.h */,
				4889994D185CE2B000F3D6ED /* QNode.m */,
				4889994F185CE2B000F3D6ED /* QTree.h */,
				48899950185CE2B000F3D6ED /* QTree.m */,
				48899951185CE2B000F3D6ED /* QTreeGeometryUtils.h */,
				48899952185CE2B000F3D6ED /* QTreeGeometryUtils.m */,
				48899953185CE2B000F3D6ED /* QTreeInsertable.h */,
			);
			name = QTree;
			path = "../../CCHMapClusterController Tests/QTree";
			sourceTree = "<group>";
		};
		48D7B0BC185A679F0071636B /* KPAnnotationTree */ = {
			isa = PBXGroup;
			children = (
				48D7B0BF185A679F0071636B /* KPAnnotationTree.h */,
				48D7B0C0185A679F0071636B /* KPAnnotationTree.m */,
				48D7B0C3185A679F0071636B /* KPTreeNode.h */,
				48D7B0C4185A679F0071636B /* KPTreeNode.m */,
			);
			name = KPAnnotationTree;
			path = "../../CCHMapClusterController Tests/KPAnnotationTree";
			sourceTree = "<group>";
		};
		48D7B0CC185BA3750071636B /* TBQuadTree */ = {
			isa = PBXGroup;
			children = (
				48D7B0CD185BA3750071636B /* TBQuadTree.h */,
				48D7B0CE185BA3750071636B /* TBQuadTree.m */,
			);
			name = TBQuadTree;
			path = "../../CCHMapClusterController Tests/TBQuadTree";
			sourceTree = "<group>";
		};
		516EC44F73D6608DFB7D6C56 /* Pods */ = {
			isa = PBXGroup;
			children = (
				CC360B5BBAA07C812A803439 /* Pods-CCHMapClusterController Example iOS.debug.xcconfig */,
				8A656B93464E103AEF0E1F5E /* Pods-CCHMapClusterController Example iOS.release.xcconfig */,
				5C64AC7D9159A9B8FB112E16 /* Pods-CCHMapClusterController Example iOSTests.debug.xcconfig */,
				ED9E5223570345B32DA887AB /* Pods-CCHMapClusterController Example iOSTests.release.xcconfig */,
			);
			name = Pods;
			sourceTree = "<group>";
		};
		62D667761845E0F20046D5D5 = {
			isa = PBXGroup;
			children = (
				CEACE0CE1D4FC73B00215DC8 /* YCCHMapClusterController */,
				62D667881845E0F20046D5D5 /* CCHMapClusterController Example iOS */,
				62D667A71845E0F20046D5D5 /* CCHMapClusterController Example iOSTests */,
				62D667811845E0F20046D5D5 /* Frameworks */,
				62D667801845E0F20046D5D5 /* Products */,
				516EC44F73D6608DFB7D6C56 /* Pods */,
			);
			sourceTree = "<group>";
		};
		62D667801845E0F20046D5D5 /* Products */ = {
			isa = PBXGroup;
			children = (
				62D6677F1845E0F20046D5D5 /* CCHMapClusterController Example iOS.app */,
				62D667A01845E0F20046D5D5 /* CCHMapClusterController Example iOSTests.xctest */,
			);
			name = Products;
			sourceTree = "<group>";
		};
		62D667811845E0F20046D5D5 /* Frameworks */ = {
			isa = PBXGroup;
			children = (
				62D667B71845F6D70046D5D5 /* MapKit.framework */,
				62D667821845E0F20046D5D5 /* Foundation.framework */,
				62D667841845E0F20046D5D5 /* CoreGraphics.framework */,
				62D667861845E0F20046D5D5 /* UIKit.framework */,
				62D667A11845E0F20046D5D5 /* XCTest.framework */,
				116C09C5CC42239508D75D51 /* libPods-CCHMapClusterController Example iOS.a */,
				FF3B78F2244ADD79DB38C98C /* libPods-CCHMapClusterController Example iOSTests.a */,
			);
			name = Frameworks;
			sourceTree = "<group>";
		};
		62D667881845E0F20046D5D5 /* CCHMapClusterController Example iOS */ = {
			isa = PBXGroup;
			children = (
				48C419A9187306D900AFA345 /* Berlin-Data.json */,
				48C419A71873069D00AFA345 /* USA-HotelMotel.csv */,
				62D667911845E0F20046D5D5 /* AppDelegate.h */,
				62D667921845E0F20046D5D5 /* AppDelegate.m */,
				62D667941845E0F20046D5D5 /* Main.storyboard */,
				62D667971845E0F20046D5D5 /* MapViewController.h */,
				62D667981845E0F20046D5D5 /* MapViewController.m */,
				621834E818A576C5000210AF /* SettingsViewController.h */,
				621834E918A576C5000210AF /* SettingsViewController.m */,
				621834EB18A6AD25000210AF /* Settings.h */,
				621834EC18A6AD25000210AF /* Settings.m */,
				62D71E0F187EB45500E52EE3 /* ClusterAnnotationView.h */,
				62D71E10187EB45500E52EE3 /* ClusterAnnotationView.m */,
				62D667BC1845F76F0046D5D5 /* DataReader.h */,
				62D667BD1845F76F0046D5D5 /* DataReader.m */,
				62D667BE1845F76F0046D5D5 /* DataReaderDelegate.h */,
				62D6679A1845E0F20046D5D5 /* Images.xcassets */,
				6284D0181C288C3F00EFCA2E /* Launch Screen.storyboard */,
				62D667891845E0F20046D5D5 /* Supporting Files */,
			);
			path = "CCHMapClusterController Example iOS";
			sourceTree = "<group>";
		};
		62D667891845E0F20046D5D5 /* Supporting Files */ = {
			isa = PBXGroup;
			children = (
				62D6678A1845E0F20046D5D5 /* CCHMapClusterController Example iOS-Info.plist */,
				62D6678B1845E0F20046D5D5 /* InfoPlist.strings */,
				62D6678E1845E0F20046D5D5 /* main.m */,
				62D667901845E0F20046D5D5 /* CCHMapClusterController Example iOS-Prefix.pch */,
			);
			name = "Supporting Files";
			sourceTree = "<group>";
		};
		62D667A71845E0F20046D5D5 /* CCHMapClusterController Example iOSTests */ = {
			isa = PBXGroup;
			children = (
				6217D6E518BDD97400CDB8C3 /* CCHCenterOfMassMapClustererTests.m */,
				6217D6E618BDD97400CDB8C3 /* CCHFadeInOutMapAnimatorTests.m */,
				6217D6E718BDD97400CDB8C3 /* CCHMapClusterAnnotationTests.m */,
				6217D6E818BDD97400CDB8C3 /* CCHMapClusterControllerPerformanceTests.m */,
				6217D6E918BDD97400CDB8C3 /* CCHMapClusterControllerTests.m */,
				6217D6EA18BDD97400CDB8C3 /* CCHMapClusterControllerUtilsTests.m */,
				6217D6EB18BDD97400CDB8C3 /* CCHMapTreeTests.m */,
				6217D6EC18BDD97400CDB8C3 /* CCHMapViewDelegateProxyTests.m */,
				6217D6ED18BDD97400CDB8C3 /* CCHMapViewDelegateProxyOverlayTests.m */,
				6217D6EE18BDD97400CDB8C3 /* CCHNearCenterMapClustererTests.m */,
				48899949185CE2B000F3D6ED /* QTree */,
				48D7B0CC185BA3750071636B /* TBQuadTree */,
				48D7B0BC185A679F0071636B /* KPAnnotationTree */,
				62D667A81845E0F20046D5D5 /* Supporting Files */,
			);
			path = "CCHMapClusterController Example iOSTests";
			sourceTree = "<group>";
		};
		62D667A81845E0F20046D5D5 /* Supporting Files */ = {
			isa = PBXGroup;
			children = (
				62D667A91845E0F20046D5D5 /* CCHMapClusterController Example iOSTests-Info.plist */,
				62D667AA1845E0F20046D5D5 /* InfoPlist.strings */,
			);
			name = "Supporting Files";
			sourceTree = "<group>";
		};
		CEACE0CE1D4FC73B00215DC8 /* YCCHMapClusterController */ = {
			isa = PBXGroup;
			children = (
				CEACE0CF1D4FC73B00215DC8 /* YCCHCenterOfMassMapClusterer.h */,
				CEACE0D01D4FC73B00215DC8 /* YCCHCenterOfMassMapClusterer.m */,
				CEACE0D11D4FC73B00215DC8 /* YCCHFadeInOutMapAnimator.h */,
				CEACE0D21D4FC73B00215DC8 /* YCCHFadeInOutMapAnimator.m */,
				CEACE0D31D4FC73B00215DC8 /* YCCHMapAnimator.h */,
				CEACE0D41D4FC73B00215DC8 /* YCCHMapClusterAnnotation.h */,
				CEACE0D51D4FC73B00215DC8 /* YCCHMapClusterAnnotation.m */,
				CEACE0D61D4FC73B00215DC8 /* YCCHMapClusterController.h */,
				CEACE0D71D4FC73B00215DC8 /* YCCHMapClusterController.m */,
				CEACE0D81D4FC73B00215DC8 /* YCCHMapClusterControllerDebugPolygon.h */,
				CEACE0D91D4FC73B00215DC8 /* YCCHMapClusterControllerDebugPolygon.m */,
				CEACE0DA1D4FC73B00215DC8 /* YCCHMapClusterControllerDelegate.h */,
				CEACE0DB1D4FC73B00215DC8 /* YCCHMapClusterControllerUtils.h */,
				CEACE0DC1D4FC73B00215DC8 /* YCCHMapClusterControllerUtils.m */,
				CEACE0DD1D4FC73B00215DC8 /* YCCHMapClusterer.h */,
				CEACE0DE1D4FC73B00215DC8 /* YCCHMapClusterOperation.h */,
				CEACE0DF1D4FC73B00215DC8 /* YCCHMapClusterOperation.m */,
				CEACE0E01D4FC73B00215DC8 /* YCCHMapTree.h */,
				CEACE0E11D4FC73B00215DC8 /* YCCHMapTree.m */,
				CEACE0E21D4FC73B00215DC8 /* YCCHMapTreeUtils.h */,
				CEACE0E31D4FC73B00215DC8 /* YCCHMapTreeUtils.m */,
				CEACE0E41D4FC73B00215DC8 /* YCCHMapViewDelegateProxy.h */,
				CEACE0E51D4FC73B00215DC8 /* YCCHMapViewDelegateProxy.m */,
				CEACE0E61D4FC73B00215DC8 /* YCCHNearCenterMapClusterer.h */,
				CEACE0E71D4FC73B00215DC8 /* YCCHNearCenterMapClusterer.m */,
				CEACE0E81D4FC73B00215DC8 /* YMKMapView+Additions.h */,
				CEACE0E91D4FC73B00215DC8 /* YMKMapView+Additions.m */,
			);
			name = YCCHMapClusterController;
			path = ../YCCHMapClusterController;
			sourceTree = "<group>";
		};
/* End PBXGroup section */

/* Begin PBXNativeTarget section */
		62D6677E1845E0F20046D5D5 /* CCHMapClusterController Example iOS */ = {
			isa = PBXNativeTarget;
			buildConfigurationList = 62D667B11845E0F20046D5D5 /* Build configuration list for PBXNativeTarget "CCHMapClusterController Example iOS" */;
			buildPhases = (
				6C8BD22DF6299773F47C87E3 /* [CP] Check Pods Manifest.lock */,
				62D6677B1845E0F20046D5D5 /* Sources */,
				62D6677C1845E0F20046D5D5 /* Frameworks */,
				62D6677D1845E0F20046D5D5 /* Resources */,
				EA4CB83CE1C5BBF25580B553 /* [CP] Embed Pods Frameworks */,
				070469A47495F2C4DD64CA4E /* [CP] Copy Pods Resources */,
			);
			buildRules = (
			);
			dependencies = (
			);
			name = "CCHMapClusterController Example iOS";
			productName = "CCHMapClusterController Example iOS";
			productReference = 62D6677F1845E0F20046D5D5 /* CCHMapClusterController Example iOS.app */;
			productType = "com.apple.product-type.application";
		};
		62D6679F1845E0F20046D5D5 /* CCHMapClusterController Example iOSTests */ = {
			isa = PBXNativeTarget;
			buildConfigurationList = 62D667B41845E0F20046D5D5 /* Build configuration list for PBXNativeTarget "CCHMapClusterController Example iOSTests" */;
			buildPhases = (
				34530D1427BBF2AAD0D045DD /* [CP] Check Pods Manifest.lock */,
				62D6679C1845E0F20046D5D5 /* Sources */,
				62D6679D1845E0F20046D5D5 /* Frameworks */,
				62D6679E1845E0F20046D5D5 /* Resources */,
				0EEBBAF7845DEB8E7FD704A7 /* [CP] Embed Pods Frameworks */,
				E79E2E0D1790C384F948F735 /* [CP] Copy Pods Resources */,
			);
			buildRules = (
			);
			dependencies = (
				62D667A61845E0F20046D5D5 /* PBXTargetDependency */,
			);
			name = "CCHMapClusterController Example iOSTests";
			productName = "CCHMapClusterController Example iOSTests";
			productReference = 62D667A01845E0F20046D5D5 /* CCHMapClusterController Example iOSTests.xctest */;
			productType = "com.apple.product-type.bundle.unit-test";
		};
/* End PBXNativeTarget section */

/* Begin PBXProject section */
		62D667771845E0F20046D5D5 /* Project object */ = {
			isa = PBXProject;
			attributes = {
				LastUpgradeCheck = 0720;
				ORGANIZATIONNAME = "Claus Höfele";
				TargetAttributes = {
					62D6677E1845E0F20046D5D5 = {
						DevelopmentTeam = KN32D96YCR;
					};
					62D6679F1845E0F20046D5D5 = {
						TestTargetID = 62D6677E1845E0F20046D5D5;
					};
				};
			};
			buildConfigurationList = 62D6677A1845E0F20046D5D5 /* Build configuration list for PBXProject "CCHMapClusterController Example iOS" */;
			compatibilityVersion = "Xcode 3.2";
			developmentRegion = English;
			hasScannedForEncodings = 0;
			knownRegions = (
				en,
				Base,
			);
			mainGroup = 62D667761845E0F20046D5D5;
			productRefGroup = 62D667801845E0F20046D5D5 /* Products */;
			projectDirPath = "";
			projectRoot = "";
			targets = (
				62D6677E1845E0F20046D5D5 /* CCHMapClusterController Example iOS */,
				62D6679F1845E0F20046D5D5 /* CCHMapClusterController Example iOSTests */,
			);
		};
/* End PBXProject section */

/* Begin PBXResourcesBuildPhase section */
		62D6677D1845E0F20046D5D5 /* Resources */ = {
			isa = PBXResourcesBuildPhase;
			buildActionMask = 2147483647;
			files = (
				6284D0191C288C3F00EFCA2E /* Launch Screen.storyboard in Resources */,
				48C419A81873069D00AFA345 /* USA-HotelMotel.csv in Resources */,
				62D6679B1845E0F20046D5D5 /* Images.xcassets in Resources */,
				48C419AA187306D900AFA345 /* Berlin-Data.json in Resources */,
				62D6678D1845E0F20046D5D5 /* InfoPlist.strings in Resources */,
				62D667961845E0F20046D5D5 /* Main.storyboard in Resources */,
			);
			runOnlyForDeploymentPostprocessing = 0;
		};
		62D6679E1845E0F20046D5D5 /* Resources */ = {
			isa = PBXResourcesBuildPhase;
			buildActionMask = 2147483647;
			files = (
				62D667AC1845E0F20046D5D5 /* InfoPlist.strings in Resources */,
			);
			runOnlyForDeploymentPostprocessing = 0;
		};
/* End PBXResourcesBuildPhase section */

/* Begin PBXShellScriptBuildPhase section */
		070469A47495F2C4DD64CA4E /* [CP] Copy Pods Resources */ = {
			isa = PBXShellScriptBuildPhase;
			buildActionMask = 2147483647;
			files = (
			);
			inputPaths = (
			);
			name = "[CP] Copy Pods Resources";
			outputPaths = (
			);
			runOnlyForDeploymentPostprocessing = 0;
			shellPath = /bin/sh;
			shellScript = "\"${SRCROOT}/../Pods/Target Support Files/Pods-CCHMapClusterController Example iOS/Pods-CCHMapClusterController Example iOS-resources.sh\"\n";
			showEnvVarsInLog = 0;
		};
		0EEBBAF7845DEB8E7FD704A7 /* [CP] Embed Pods Frameworks */ = {
			isa = PBXShellScriptBuildPhase;
			buildActionMask = 2147483647;
			files = (
			);
			inputPaths = (
			);
			name = "[CP] Embed Pods Frameworks";
			outputPaths = (
			);
			runOnlyForDeploymentPostprocessing = 0;
			shellPath = /bin/sh;
			shellScript = "\"${SRCROOT}/../Pods/Target Support Files/Pods-CCHMapClusterController Example iOSTests/Pods-CCHMapClusterController Example iOSTests-frameworks.sh\"\n";
			showEnvVarsInLog = 0;
		};
		34530D1427BBF2AAD0D045DD /* [CP] Check Pods Manifest.lock */ = {
			isa = PBXShellScriptBuildPhase;
			buildActionMask = 2147483647;
			files = (
			);
			inputPaths = (
			);
			name = "[CP] Check Pods Manifest.lock";
			outputPaths = (
			);
			runOnlyForDeploymentPostprocessing = 0;
			shellPath = /bin/sh;
			shellScript = "diff \"${PODS_ROOT}/../Podfile.lock\" \"${PODS_ROOT}/Manifest.lock\" > /dev/null\nif [[ $? != 0 ]] ; then\n    cat << EOM\nerror: The sandbox is not in sync with the Podfile.lock. Run 'pod install' or update your CocoaPods installation.\nEOM\n    exit 1\nfi\n";
			showEnvVarsInLog = 0;
		};
		6C8BD22DF6299773F47C87E3 /* [CP] Check Pods Manifest.lock */ = {
			isa = PBXShellScriptBuildPhase;
			buildActionMask = 2147483647;
			files = (
			);
			inputPaths = (
			);
			name = "[CP] Check Pods Manifest.lock";
			outputPaths = (
			);
			runOnlyForDeploymentPostprocessing = 0;
			shellPath = /bin/sh;
			shellScript = "diff \"${PODS_ROOT}/../Podfile.lock\" \"${PODS_ROOT}/Manifest.lock\" > /dev/null\nif [[ $? != 0 ]] ; then\n    cat << EOM\nerror: The sandbox is not in sync with the Podfile.lock. Run 'pod install' or update your CocoaPods installation.\nEOM\n    exit 1\nfi\n";
			showEnvVarsInLog = 0;
		};
		E79E2E0D1790C384F948F735 /* [CP] Copy Pods Resources */ = {
			isa = PBXShellScriptBuildPhase;
			buildActionMask = 2147483647;
			files = (
			);
			inputPaths = (
			);
			name = "[CP] Copy Pods Resources";
			outputPaths = (
			);
			runOnlyForDeploymentPostprocessing = 0;
			shellPath = /bin/sh;
			shellScript = "\"${SRCROOT}/../Pods/Target Support Files/Pods-CCHMapClusterController Example iOSTests/Pods-CCHMapClusterController Example iOSTests-resources.sh\"\n";
			showEnvVarsInLog = 0;
		};
		EA4CB83CE1C5BBF25580B553 /* [CP] Embed Pods Frameworks */ = {
			isa = PBXShellScriptBuildPhase;
			buildActionMask = 2147483647;
			files = (
			);
			inputPaths = (
			);
			name = "[CP] Embed Pods Frameworks";
			outputPaths = (
			);
			runOnlyForDeploymentPostprocessing = 0;
			shellPath = /bin/sh;
			shellScript = "\"${SRCROOT}/../Pods/Target Support Files/Pods-CCHMapClusterController Example iOS/Pods-CCHMapClusterController Example iOS-frameworks.sh\"\n";
			showEnvVarsInLog = 0;
		};
/* End PBXShellScriptBuildPhase section */

/* Begin PBXSourcesBuildPhase section */
		62D6677B1845E0F20046D5D5 /* Sources */ = {
			isa = PBXSourcesBuildPhase;
			buildActionMask = 2147483647;
			files = (
				CEACE0EF1D4FC73B00215DC8 /* YCCHMapClusterControllerUtils.m in Sources */,
				62D71E11187EB45500E52EE3 /* ClusterAnnotationView.m in Sources */,
				CEACE0F41D4FC73B00215DC8 /* YCCHNearCenterMapClusterer.m in Sources */,
				CEACE0EA1D4FC73B00215DC8 /* YCCHCenterOfMassMapClusterer.m in Sources */,
				CEACE0F21D4FC73B00215DC8 /* YCCHMapTreeUtils.m in Sources */,
				CEACE0F31D4FC73B00215DC8 /* YCCHMapViewDelegateProxy.m in Sources */,
				62D667991845E0F20046D5D5 /* MapViewController.m in Sources */,
				CEACE0EE1D4FC73B00215DC8 /* YCCHMapClusterControllerDebugPolygon.m in Sources */,
				62D667931845E0F20046D5D5 /* AppDelegate.m in Sources */,
				CEACE0EB1D4FC73B00215DC8 /* YCCHFadeInOutMapAnimator.m in Sources */,
				621834ED18A6AD25000210AF /* Settings.m in Sources */,
				62D667C11845F76F0046D5D5 /* DataReader.m in Sources */,
				CEACE0EC1D4FC73B00215DC8 /* YCCHMapClusterAnnotation.m in Sources */,
				CEACE0F51D4FC73B00215DC8 /* YMKMapView+Additions.m in Sources */,
				CEACE0F11D4FC73B00215DC8 /* YCCHMapTree.m in Sources */,
				62D6678F1845E0F20046D5D5 /* main.m in Sources */,
				621834EA18A576C5000210AF /* SettingsViewController.m in Sources */,
				CEACE0F01D4FC73B00215DC8 /* YCCHMapClusterOperation.m in Sources */,
				CEACE0ED1D4FC73B00215DC8 /* YCCHMapClusterController.m in Sources */,
			);
			runOnlyForDeploymentPostprocessing = 0;
		};
		62D6679C1845E0F20046D5D5 /* Sources */ = {
			isa = PBXSourcesBuildPhase;
			buildActionMask = 2147483647;
			files = (
				6217D6F418BDD97400CDB8C3 /* CCHMapClusterControllerUtilsTests.m in Sources */,
				48D7B0CF185BA3750071636B /* TBQuadTree.m in Sources */,
				6217D6F818BDD97400CDB8C3 /* CCHNearCenterMapClustererTests.m in Sources */,
				6217D6F718BDD97400CDB8C3 /* CCHMapViewDelegateProxyOverlayTests.m in Sources */,
				6217D6F018BDD97400CDB8C3 /* CCHFadeInOutMapAnimatorTests.m in Sources */,
				6217D6F518BDD97400CDB8C3 /* CCHMapTreeTests.m in Sources */,
				48899957185CE2B000F3D6ED /* QTreeGeometryUtils.m in Sources */,
				6217D6F618BDD97400CDB8C3 /* CCHMapViewDelegateProxyTests.m in Sources */,
				4889995A185D175000F3D6ED /* QCluster.m in Sources */,
				6217D6F218BDD97400CDB8C3 /* CCHMapClusterControllerPerformanceTests.m in Sources */,
				6217D6EF18BDD97400CDB8C3 /* CCHCenterOfMassMapClustererTests.m in Sources */,
				48899956185CE2B000F3D6ED /* QTree.m in Sources */,
				48D7B0CA185A679F0071636B /* KPTreeNode.m in Sources */,
				6217D6F118BDD97400CDB8C3 /* CCHMapClusterAnnotationTests.m in Sources */,
				48D7B0C8185A679F0071636B /* KPAnnotationTree.m in Sources */,
				6217D6F318BDD97400CDB8C3 /* CCHMapClusterControllerTests.m in Sources */,
				48899955185CE2B000F3D6ED /* QNode.m in Sources */,
			);
			runOnlyForDeploymentPostprocessing = 0;
		};
/* End PBXSourcesBuildPhase section */

/* Begin PBXTargetDependency section */
		62D667A61845E0F20046D5D5 /* PBXTargetDependency */ = {
			isa = PBXTargetDependency;
			target = 62D6677E1845E0F20046D5D5 /* CCHMapClusterController Example iOS */;
			targetProxy = 62D667A51845E0F20046D5D5 /* PBXContainerItemProxy */;
		};
/* End PBXTargetDependency section */

/* Begin PBXVariantGroup section */
		62D6678B1845E0F20046D5D5 /* InfoPlist.strings */ = {
			isa = PBXVariantGroup;
			children = (
				62D6678C1845E0F20046D5D5 /* en */,
			);
			name = InfoPlist.strings;
			sourceTree = "<group>";
		};
		62D667941845E0F20046D5D5 /* Main.storyboard */ = {
			isa = PBXVariantGroup;
			children = (
				62D667951845E0F20046D5D5 /* Base */,
			);
			name = Main.storyboard;
			sourceTree = "<group>";
		};
		62D667AA1845E0F20046D5D5 /* InfoPlist.strings */ = {
			isa = PBXVariantGroup;
			children = (
				62D667AB1845E0F20046D5D5 /* en */,
			);
			name = InfoPlist.strings;
			sourceTree = "<group>";
		};
/* End PBXVariantGroup section */

/* Begin XCBuildConfiguration section */
		62D667AF1845E0F20046D5D5 /* Debug */ = {
			isa = XCBuildConfiguration;
			buildSettings = {
				ALWAYS_SEARCH_USER_PATHS = NO;
				CLANG_CXX_LANGUAGE_STANDARD = "gnu++0x";
				CLANG_CXX_LIBRARY = "libc++";
				CLANG_ENABLE_MODULES = YES;
				CLANG_ENABLE_OBJC_ARC = YES;
				CLANG_WARN_BOOL_CONVERSION = YES;
				CLANG_WARN_CONSTANT_CONVERSION = YES;
				CLANG_WARN_DIRECT_OBJC_ISA_USAGE = YES_ERROR;
				CLANG_WARN_DOCUMENTATION_COMMENTS = YES;
				CLANG_WARN_EMPTY_BODY = YES;
				CLANG_WARN_ENUM_CONVERSION = YES;
				CLANG_WARN_INT_CONVERSION = YES;
				CLANG_WARN_OBJC_ROOT_CLASS = YES_ERROR;
				CLANG_WARN__DUPLICATE_METHOD_MATCH = YES;
				"CODE_SIGN_IDENTITY[sdk=iphoneos*]" = "iPhone Developer";
				COPY_PHASE_STRIP = NO;
				ENABLE_TESTABILITY = YES;
				GCC_C_LANGUAGE_STANDARD = gnu99;
				GCC_DYNAMIC_NO_PIC = NO;
				GCC_OPTIMIZATION_LEVEL = 0;
				GCC_PREPROCESSOR_DEFINITIONS = (
					"DEBUG=1",
					"$(inherited)",
				);
				GCC_SYMBOLS_PRIVATE_EXTERN = NO;
				GCC_WARN_64_TO_32_BIT_CONVERSION = YES;
				GCC_WARN_ABOUT_RETURN_TYPE = YES_ERROR;
				GCC_WARN_UNDECLARED_SELECTOR = YES;
				GCC_WARN_UNINITIALIZED_AUTOS = YES;
				GCC_WARN_UNUSED_FUNCTION = YES;
				GCC_WARN_UNUSED_VARIABLE = YES;
				IPHONEOS_DEPLOYMENT_TARGET = 7.0;
				ONLY_ACTIVE_ARCH = YES;
				SDKROOT = iphoneos;
			};
			name = Debug;
		};
		62D667B01845E0F20046D5D5 /* Release */ = {
			isa = XCBuildConfiguration;
			buildSettings = {
				ALWAYS_SEARCH_USER_PATHS = NO;
				CLANG_CXX_LANGUAGE_STANDARD = "gnu++0x";
				CLANG_CXX_LIBRARY = "libc++";
				CLANG_ENABLE_MODULES = YES;
				CLANG_ENABLE_OBJC_ARC = YES;
				CLANG_WARN_BOOL_CONVERSION = YES;
				CLANG_WARN_CONSTANT_CONVERSION = YES;
				CLANG_WARN_DIRECT_OBJC_ISA_USAGE = YES_ERROR;
				CLANG_WARN_DOCUMENTATION_COMMENTS = YES;
				CLANG_WARN_EMPTY_BODY = YES;
				CLANG_WARN_ENUM_CONVERSION = YES;
				CLANG_WARN_INT_CONVERSION = YES;
				CLANG_WARN_OBJC_ROOT_CLASS = YES_ERROR;
				CLANG_WARN__DUPLICATE_METHOD_MATCH = YES;
				"CODE_SIGN_IDENTITY[sdk=iphoneos*]" = "iPhone Developer";
				COPY_PHASE_STRIP = YES;
				ENABLE_NS_ASSERTIONS = NO;
				GCC_C_LANGUAGE_STANDARD = gnu99;
				GCC_WARN_64_TO_32_BIT_CONVERSION = YES;
				GCC_WARN_ABOUT_RETURN_TYPE = YES_ERROR;
				GCC_WARN_UNDECLARED_SELECTOR = YES;
				GCC_WARN_UNINITIALIZED_AUTOS = YES;
				GCC_WARN_UNUSED_FUNCTION = YES;
				GCC_WARN_UNUSED_VARIABLE = YES;
				IPHONEOS_DEPLOYMENT_TARGET = 7.0;
				SDKROOT = iphoneos;
				VALIDATE_PRODUCT = YES;
			};
			name = Release;
		};
		62D667B21845E0F20046D5D5 /* Debug */ = {
			isa = XCBuildConfiguration;
			baseConfigurationReference = CC360B5BBAA07C812A803439 /* Pods-CCHMapClusterController Example iOS.debug.xcconfig */;
			buildSettings = {
				ASSETCATALOG_COMPILER_APPICON_NAME = AppIcon;
				ASSETCATALOG_COMPILER_LAUNCHIMAGE_NAME = LaunchImage;
				CODE_SIGN_IDENTITY = "iPhone Developer";
				"CODE_SIGN_IDENTITY[sdk=iphoneos*]" = "iPhone Developer";
				GCC_PRECOMPILE_PREFIX_HEADER = YES;
				GCC_PREFIX_HEADER = "CCHMapClusterController Example iOS/CCHMapClusterController Example iOS-Prefix.pch";
				INFOPLIST_FILE = "CCHMapClusterController Example iOS/CCHMapClusterController Example iOS-Info.plist";
				PRODUCT_BUNDLE_IDENTIFIER = "com.claushoefele.${PRODUCT_NAME:rfc1034identifier}";
				PRODUCT_NAME = "$(TARGET_NAME)";
				PROVISIONING_PROFILE = "";
				WRAPPER_EXTENSION = app;
			};
			name = Debug;
		};
		62D667B31845E0F20046D5D5 /* Release */ = {
			isa = XCBuildConfiguration;
			baseConfigurationReference = 8A656B93464E103AEF0E1F5E /* Pods-CCHMapClusterController Example iOS.release.xcconfig */;
			buildSettings = {
				ASSETCATALOG_COMPILER_APPICON_NAME = AppIcon;
				ASSETCATALOG_COMPILER_LAUNCHIMAGE_NAME = LaunchImage;
				CODE_SIGN_IDENTITY = "iPhone Developer";
				"CODE_SIGN_IDENTITY[sdk=iphoneos*]" = "iPhone Developer";
				GCC_PRECOMPILE_PREFIX_HEADER = YES;
				GCC_PREFIX_HEADER = "CCHMapClusterController Example iOS/CCHMapClusterController Example iOS-Prefix.pch";
				GCC_SYMBOLS_PRIVATE_EXTERN = NO;
				INFOPLIST_FILE = "CCHMapClusterController Example iOS/CCHMapClusterController Example iOS-Info.plist";
				PRODUCT_BUNDLE_IDENTIFIER = "com.claushoefele.${PRODUCT_NAME:rfc1034identifier}";
				PRODUCT_NAME = "$(TARGET_NAME)";
				PROVISIONING_PROFILE = "";
				WRAPPER_EXTENSION = app;
			};
			name = Release;
		};
		62D667B51845E0F20046D5D5 /* Debug */ = {
			isa = XCBuildConfiguration;
			baseConfigurationReference = 5C64AC7D9159A9B8FB112E16 /* Pods-CCHMapClusterController Example iOSTests.debug.xcconfig */;
			buildSettings = {
				BUNDLE_LOADER = "$(BUILT_PRODUCTS_DIR)/CCHMapClusterController Example iOS.app/CCHMapClusterController Example iOS";
				GCC_PRECOMPILE_PREFIX_HEADER = YES;
				GCC_PREFIX_HEADER = "CCHMapClusterController Example iOS/CCHMapClusterController Example iOS-Prefix.pch";
				GCC_PREPROCESSOR_DEFINITIONS = (
					"DEBUG=1",
					"$(inherited)",
				);
				INFOPLIST_FILE = "CCHMapClusterController Example iOSTests/CCHMapClusterController Example iOSTests-Info.plist";
				PRODUCT_BUNDLE_IDENTIFIER = "com.claushoefele.${PRODUCT_NAME:rfc1034identifier}";
				PRODUCT_NAME = "$(TARGET_NAME)";
				TEST_HOST = "$(BUNDLE_LOADER)";
				WRAPPER_EXTENSION = xctest;
			};
			name = Debug;
		};
		62D667B61845E0F20046D5D5 /* Release */ = {
			isa = XCBuildConfiguration;
			baseConfigurationReference = ED9E5223570345B32DA887AB /* Pods-CCHMapClusterController Example iOSTests.release.xcconfig */;
			buildSettings = {
				BUNDLE_LOADER = "$(BUILT_PRODUCTS_DIR)/CCHMapClusterController Example iOS.app/CCHMapClusterController Example iOS";
				GCC_PRECOMPILE_PREFIX_HEADER = YES;
				GCC_PREFIX_HEADER = "CCHMapClusterController Example iOS/CCHMapClusterController Example iOS-Prefix.pch";
				INFOPLIST_FILE = "CCHMapClusterController Example iOSTests/CCHMapClusterController Example iOSTests-Info.plist";
				PRODUCT_BUNDLE_IDENTIFIER = "com.claushoefele.${PRODUCT_NAME:rfc1034identifier}";
				PRODUCT_NAME = "$(TARGET_NAME)";
				TEST_HOST = "$(BUNDLE_LOADER)";
				WRAPPER_EXTENSION = xctest;
			};
			name = Release;
		};
/* End XCBuildConfiguration section */

/* Begin XCConfigurationList section */
		62D6677A1845E0F20046D5D5 /* Build configuration list for PBXProject "CCHMapClusterController Example iOS" */ = {
			isa = XCConfigurationList;
			buildConfigurations = (
				62D667AF1845E0F20046D5D5 /* Debug */,
				62D667B01845E0F20046D5D5 /* Release */,
			);
			defaultConfigurationIsVisible = 0;
			defaultConfigurationName = Release;
		};
		62D667B11845E0F20046D5D5 /* Build configuration list for PBXNativeTarget "CCHMapClusterController Example iOS" */ = {
			isa = XCConfigurationList;
			buildConfigurations = (
				62D667B21845E0F20046D5D5 /* Debug */,
				62D667B31845E0F20046D5D5 /* Release */,
			);
			defaultConfigurationIsVisible = 0;
			defaultConfigurationName = Release;
		};
		62D667B41845E0F20046D5D5 /* Build configuration list for PBXNativeTarget "CCHMapClusterController Example iOSTests" */ = {
			isa = XCConfigurationList;
			buildConfigurations = (
				62D667B51845E0F20046D5D5 /* Debug */,
				62D667B61845E0F20046D5D5 /* Release */,
			);
			defaultConfigurationIsVisible = 0;
			defaultConfigurationName = Release;
		};
/* End XCConfigurationList section */
	};
	rootObject = 62D667771845E0F20046D5D5 /* Project object */;
}
